
Microsoft Visual Studio Solution File, Format Version 12.00
# Visual Studio Version 17
VisualStudioVersion = 17.4.33205.214
MinimumVisualStudioVersion = 10.0.40219.1
Project("{FAE04EC0-301F-11D3-BF4B-00C04F79EFBC}") = "ConsoleApp1", "ConsoleApp1\ConsoleApp1.csproj", "{E84B1C91-84DE-42EF-A328-F25EB4B34215}"
EndProject
Project("{2150E333-8FDC-42A3-9474-1A3956D46DE8}") = "Solution Items", "Solution Items", "{A1376425-9ED5-4651-AD83-59A3A1754B00}"
	ProjectSection(SolutionItems) = preProject
		Algorithms.cs = Algorithms.cs
	EndProjectSection
EndProject
Global
	GlobalSection(SolutionConfigurationPlatforms) = preSolution
		Debug|Any CPU = Debug|Any CPU
		Release|Any CPU = Release|Any CPU
	EndGlobalSection
	GlobalSection(ProjectConfigurationPlatforms) = postSolution
		{E84B1C91-84DE-42EF-A328-F25EB4B34215}.Debug|Any CPU.ActiveCfg = Debug|Any CPU
		{E84B1C91-84DE-42EF-A328-F25EB4B34215}.Debug|Any CPU.Build.0 = Debug|Any CPU
		{E84B1C91-84DE-42EF-A328-F25EB4B34215}.Release|Any CPU.ActiveCfg = Release|Any CPU
		{E84B1C91-84DE-42EF-A328-F25EB4B34215}.Release|Any CPU.Build.0 = Release|Any CPU
	EndGlobalSection
	GlobalSection(SolutionProperties) = preSolution
		HideSolutionNode = FALSE
	EndGlobalSection
	GlobalSection(ExtensibilityGlobals) = postSolution
		SolutionGuid = {93A48014-28BD-468C-A0B5-E43A92A15775}
	EndGlobalSection
EndGlobal
